
Microsoft Visual Studio Solution File, Format Version 12.00
# Visual Studio Version 17
VisualStudioVersion = 17.12.35309.182
MinimumVisualStudioVersion = 10.0.40219.1
Project("{FAE04EC0-301F-11D3-BF4B-00C04F79EFBC}") = "SurveyBasket.Api", "SurveyBasket.Api\SurveyBasket.Api.csproj", "{6A0693AE-7921-4632-83E2-13ACB3F614EB}"
EndProject
Global
	GlobalSection(SolutionConfigurationPlatforms) = preSolution
		Debug|Any CPU = Debug|Any CPU
		Release|Any CPU = Release|Any CPU
	EndGlobalSection
	GlobalSection(ProjectConfigurationPlatforms) = postSolution
		{6A0693AE-7921-4632-83E2-13ACB3F614EB}.Debug|Any CPU.ActiveCfg = Debug|Any CPU
		{6A0693AE-7921-4632-83E2-13ACB3F614EB}.Debug|Any CPU.Build.0 = Debug|Any CPU
		{6A0693AE-7921-4632-83E2-13ACB3F614EB}.Release|Any CPU.ActiveCfg = Release|Any CPU
		{6A0693AE-7921-4632-83E2-13ACB3F614EB}.Release|Any CPU.Build.0 = Release|Any CPU
	EndGlobalSection
	GlobalSection(SolutionProperties) = preSolution
		HideSolutionNode = FALSE
	EndGlobalSection
	GlobalSection(ExtensibilityGlobals) = postSolution
		SolutionGuid = {1B84A075-F388-4A75-A354-26EB0632EDF1}
	EndGlobalSection
EndGlobal
